github.com/go-opentype/opentype v0.13.0 h1:q9K7IGDfwMP/ik51ZkwiYf6jbaqPfocvAIuojetd0UQ=
github.com/go-opentype/opentype v0.13.0/go.mod h1:AOixevJf7XQaH7+WG+OMIOZEbYPXfMqklVk26Y6YTUU=
github.com/go-tex/math v0.50.0 h1:YHJ3LYzS45zBoPKGBkZW4+LUQkOeHP30YWLsfXGZCpo=
github.com/go-tex/math v0.50.0/go.mod h1:cPm5juijQkhFj1MCByLF8tOfZ+UswAGUPBh+Wy6+vbw=
golang.org/x/text v0.43.0 h1:1QivrlhwAsnMOcqgOdl9my7s9OyZl8O5/UGUTJVXoWc=
golang.org/x/text v0.43.0/go.mod h1:hbSIYA/amXcRXTFSZqh8tWHEoqRvvbKPJ2uz/KU+a+s=
