github.com/go-opentype/opentype v0.6.0 h1:2t1Qs/Uo4M+f9gahV5QGihLTTeI/q4s0l7MIsbkd290=
github.com/go-opentype/opentype v0.6.0/go.mod h1:AOixevJf7XQaH7+WG+OMIOZEbYPXfMqklVk26Y6YTUU=
github.com/go-tex/math v0.2.0 h1:jTxqG2WoqolEYnHWfU/4dqRQ2MabTTQ5AlTs+ArZnZY=
github.com/go-tex/math v0.2.0/go.mod h1:eNq1Js988sqQRsxNR08JFQ5dQfyqfd8CYf5fE3iWbhU=
github.com/go-tex/math v0.18.0 h1:rzFBFVvS5zKylsecY0fRkY3KWqVxiJQhFX6qXd7aEXQ=
github.com/go-tex/math v0.18.0/go.mod h1:eNq1Js988sqQRsxNR08JFQ5dQfyqfd8CYf5fE3iWbhU=
golang.org/x/text v0.40.0 h1:Ub2Z6/xjgF1WrYQz2nuITOEegKFtiIy+rieRJ5lHZKs=
golang.org/x/text v0.40.0/go.mod h1:hpnzDAfGV753zIKo+wk3u1bVKCGPbrnF7+7LBF/UHVY=
golang.org/x/text v0.41.0 h1:vz/seA0lnX87Othu2f/0L24RcgrXD9/YFTSuGjj3rH8=
golang.org/x/text v0.41.0/go.mod h1:jvf1O8ajNzZqhSrQBPbutR/EB83Cc0CFrezNQIwbb5M=
